// !$*UTF8*$!
{
	archiveVersion = 1;
	classes = {
	};
	objectVersion = 50;
	objects = {

/* Begin PBXBuildFile section */
		4E90030B2200B15E00CE985E /* AppDelegate.swift in Sources */ = {isa = PBXBuildFile; fileRef = 4E90030A2200B15E00CE985E /* AppDelegate.swift */; };
		4E90030D2200B15E00CE985E /* RemindMeListViewController.swift in Sources */ = {isa = PBXBuildFile; fileRef = 4E90030C2200B15E00CE985E /* RemindMeListViewController.swift */; };
		4E9003102200B15E00CE985E /* Main.storyboard in Resources */ = {isa = PBXBuildFile; fileRef = 4E90030E2200B15E00CE985E /* Main.storyboard */; };
		4E9003122200B16300CE985E /* Assets.xcassets in Resources */ = {isa = PBXBuildFile; fileRef = 4E9003112200B16300CE985E /* Assets.xcassets */; };
		4E9003152200B16300CE985E /* LaunchScreen.storyboard in Resources */ = {isa = PBXBuildFile; fileRef = 4E9003132200B16300CE985E /* LaunchScreen.storyboard */; };
		4E9003492212C78700CE985E /* DataModel.xcdatamodeld in Sources */ = {isa = PBXBuildFile; fileRef = 4E9003472212C78700CE985E /* DataModel.xcdatamodeld */; };
		4E90034D2213301100CE985E /* CategoryViewController.swift in Sources */ = {isa = PBXBuildFile; fileRef = 4E90034C2213301100CE985E /* CategoryViewController.swift */; };
/* End PBXBuildFile section */

/* Begin PBXFileReference section */
		4E9003072200B15E00CE985E /* RemindMeList.app */ = {isa = PBXFileReference; explicitFileType = wrapper.application; includeInIndex = 0; path = RemindMeList.app; sourceTree = BUILT_PRODUCTS_DIR; };
		4E90030A2200B15E00CE985E /* AppDelegate.swift */ = {isa = PBXFileReference; lastKnownFileType = sourcecode.swift; path = AppDelegate.swift; sourceTree = "<group>"; };
		4E90030C2200B15E00CE985E /* RemindMeListViewController.swift */ = {isa = PBXFileReference; lastKnownFileType = sourcecode.swift; path = RemindMeListViewController.swift; sourceTree = "<group>"; };
		4E90030F2200B15E00CE985E /* Base */ = {isa = PBXFileReference; lastKnownFileType = file.storyboard; name = Base; path = Base.lproj/Main.storyboard; sourceTree = "<group>"; };
		4E9003112200B16300CE985E /* Assets.xcassets */ = {isa = PBXFileReference; lastKnownFileType = folder.assetcatalog; path = Assets.xcassets; sourceTree = "<group>"; };
		4E9003142200B16300CE985E /* Base */ = {isa = PBXFileReference; lastKnownFileType = file.storyboard; name = Base; path = Base.lproj/LaunchScreen.storyboard; sourceTree = "<group>"; };
		4E9003162200B16300CE985E /* Info.plist */ = {isa = PBXFileReference; lastKnownFileType = text.plist.xml; path = Info.plist; sourceTree = "<group>"; };
		4E9003482212C78700CE985E /* DataModel.xcdatamodel */ = {isa = PBXFileReference; lastKnownFileType = wrapper.xcdatamodel; path = DataModel.xcdatamodel; sourceTree = "<group>"; };
		4E90034C2213301100CE985E /* CategoryViewController.swift */ = {isa = PBXFileReference; lastKnownFileType = sourcecode.swift; path = CategoryViewController.swift; sourceTree = "<group>"; };
/* End PBXFileReference section */

/* Begin PBXFrameworksBuildPhase section */
		4E9003042200B15E00CE985E /* Frameworks */ = {
			isa = PBXFrameworksBuildPhase;
			buildActionMask = 2147483647;
			files = (
			);
			runOnlyForDeploymentPostprocessing = 0;
		};
/* End PBXFrameworksBuildPhase section */

/* Begin PBXGroup section */
		4E9002FE2200B15E00CE985E = {
			isa = PBXGroup;
			children = (
				4E9003092200B15E00CE985E /* RemindMeList */,
				4E9003082200B15E00CE985E /* Products */,
			);
			sourceTree = "<group>";
		};
		4E9003082200B15E00CE985E /* Products */ = {
			isa = PBXGroup;
			children = (
				4E9003072200B15E00CE985E /* RemindMeList.app */,
			);
			name = Products;
			sourceTree = "<group>";
		};
		4E9003092200B15E00CE985E /* RemindMeList */ = {
			isa = PBXGroup;
			children = (
				4E90030A2200B15E00CE985E /* AppDelegate.swift */,
				4E900321220B359500CE985E /* Controllers */,
				4E90031E220B351100CE985E /* Data Model */,
				4E900320220B356000CE985E /* Views */,
				4E900322220B35AF00CE985E /* Support Files */,
				4E9003162200B16300CE985E /* Info.plist */,
			);
			path = RemindMeList;
			sourceTree = "<group>";
		};
		4E90031E220B351100CE985E /* Data Model */ = {
			isa = PBXGroup;
			children = (
				4E9003472212C78700CE985E /* DataModel.xcdatamodeld */,
			);
			path = "Data Model";
			sourceTree = "<group>";
		};
		4E900320220B356000CE985E /* Views */ = {
			isa = PBXGroup;
			children = (
				4E90030E2200B15E00CE985E /* Main.storyboard */,
			);
			path = Views;
			sourceTree = "<group>";
		};
		4E900321220B359500CE985E /* Controllers */ = {
			isa = PBXGroup;
			children = (
				4E90034C2213301100CE985E /* CategoryViewController.swift */,
				4E90030C2200B15E00CE985E /* RemindMeListViewController.swift */,
			);
			path = Controllers;
			sourceTree = "<group>";
		};
		4E900322220B35AF00CE985E /* Support Files */ = {
			isa = PBXGroup;
			children = (
				4E9003112200B16300CE985E /* Assets.xcassets */,
				4E9003132200B16300CE985E /* LaunchScreen.storyboard */,
			);
			path = "Support Files";
			sourceTree = "<group>";
		};
/* End PBXGroup section */

/* Begin PBXNativeTarget section */
		4E9003062200B15E00CE985E /* RemindMeList */ = {
			isa = PBXNativeTarget;
			buildConfigurationList = 4E9003192200B16300CE985E /* Build configuration list for PBXNativeTarget "RemindMeList" */;
			buildPhases = (
				4E9003032200B15E00CE985E /* Sources */,
				4E9003042200B15E00CE985E /* Frameworks */,
				4E9003052200B15E00CE985E /* Resources */,
			);
			buildRules = (
			);
			dependencies = (
			);
			name = RemindMeList;
			productName = RemindMeList;
			productReference = 4E9003072200B15E00CE985E /* RemindMeList.app */;
			productType = "com.apple.product-type.application";
		};
/* End PBXNativeTarget section */

/* Begin PBXProject section */
		4E9002FF2200B15E00CE985E /* Project object */ = {
			isa = PBXProject;
			attributes = {
				LastSwiftUpdateCheck = 1010;
				LastUpgradeCheck = 1010;
				ORGANIZATIONNAME = "Beng Ee";
				TargetAttributes = {
					4E9003062200B15E00CE985E = {
						CreatedOnToolsVersion = 10.1;
					};
				};
			};
			buildConfigurationList = 4E9003022200B15E00CE985E /* Build configuration list for PBXProject "RemindMeList" */;
			compatibilityVersion = "Xcode 9.3";
			developmentRegion = en;
			hasScannedForEncodings = 0;
			knownRegions = (
				en,
				Base,
			);
			mainGroup = 4E9002FE2200B15E00CE985E;
			productRefGroup = 4E9003082200B15E00CE985E /* Products */;
			projectDirPath = "";
			projectRoot = "";
			targets = (
				4E9003062200B15E00CE985E /* RemindMeList */,
			);
		};
/* End PBXProject section */

/* Begin PBXResourcesBuildPhase section */
		4E9003052200B15E00CE985E /* Resources */ = {
			isa = PBXResourcesBuildPhase;
			buildActionMask = 2147483647;
			files = (
				4E9003152200B16300CE985E /* LaunchScreen.storyboard in Resources */,
				4E9003122200B16300CE985E /* Assets.xcassets in Resources */,
				4E9003102200B15E00CE985E /* Main.storyboard in Resources */,
			);
			runOnlyForDeploymentPostprocessing = 0;
		};
/* End PBXResourcesBuildPhase section */

/* Begin PBXSourcesBuildPhase section */
		4E9003032200B15E00CE985E /* Sources */ = {
			isa = PBXSourcesBuildPhase;
			buildActionMask = 2147483647;
			files = (
				4E90034D2213301100CE985E /* CategoryViewController.swift in Sources */,
				4E90030D2200B15E00CE985E /* RemindMeListViewController.swift in Sources */,
				4E9003492212C78700CE985E /* DataModel.xcdatamodeld in Sources */,
				4E90030B2200B15E00CE985E /* AppDelegate.swift in Sources */,
			);
			runOnlyForDeploymentPostprocessing = 0;
		};
/* End PBXSourcesBuildPhase section */

/* Begin PBXVariantGroup section */
		4E90030E2200B15E00CE985E /* Main.storyboard */ = {
			isa = PBXVariantGroup;
			children = (
				4E90030F2200B15E00CE985E /* Base */,
			);
			name = Main.storyboard;
			sourceTree = "<group>";
		};
		4E9003132200B16300CE985E /* LaunchScreen.storyboard */ = {
			isa = PBXVariantGroup;
			children = (
				4E9003142200B16300CE985E /* Base */,
			);
			name = LaunchScreen.storyboard;
			sourceTree = "<group>";
		};
/* End PBXVariantGroup section */

/* Begin XCBuildConfiguration section */
		4E9003172200B16300CE985E /* Debug */ = {
			isa = XCBuildConfiguration;
			buildSettings = {
				ALWAYS_SEARCH_USER_PATHS = NO;
				CLANG_ANALYZER_NONNULL = YES;
				CLANG_ANALYZER_NUMBER_OBJECT_CONVERSION = YES_AGGRESSIVE;
				CLANG_CXX_LANGUAGE_STANDARD = "gnu++14";
				CLANG_CXX_LIBRARY = "libc++";
				CLANG_ENABLE_MODULES = YES;
				CLANG_ENABLE_OBJC_ARC = YES;
				CLANG_ENABLE_OBJC_WEAK = YES;
				CLANG_WARN_BLOCK_CAPTURE_AUTORELEASING = YES;
				CLANG_WARN_BOOL_CONVERSION = YES;
				CLANG_WARN_COMMA = YES;
				CLANG_WARN_CONSTANT_CONVERSION = YES;
				CLANG_WARN_DEPRECATED_OBJC_IMPLEMENTATIONS = YES;
				CLANG_WARN_DIRECT_OBJC_ISA_USAGE = YES_ERROR;
				CLANG_WARN_DOCUMENTATION_COMMENTS = YES;
				CLANG_WARN_EMPTY_BODY = YES;
				CLANG_WARN_ENUM_CONVERSION = YES;
				CLANG_WARN_INFINITE_RECURSION = YES;
				CLANG_WARN_INT_CONVERSION = YES;
				CLANG_WARN_NON_LITERAL_NULL_CONVERSION = YES;
				CLANG_WARN_OBJC_IMPLICIT_RETAIN_SELF = YES;
				CLANG_WARN_OBJC_LITERAL_CONVERSION = YES;
				CLANG_WARN_OBJC_ROOT_CLASS = YES_ERROR;
				CLANG_WARN_RANGE_LOOP_ANALYSIS = YES;
				CLANG_WARN_STRICT_PROTOTYPES = YES;
				CLANG_WARN_SUSPICIOUS_MOVE = YES;
				CLANG_WARN_UNGUARDED_AVAILABILITY = YES_AGGRESSIVE;
				CLANG_WARN_UNREACHABLE_CODE = YES;
				CLANG_WARN__DUPLICATE_METHOD_MATCH = YES;
				CODE_SIGN_IDENTITY = "iPhone Developer";
				COPY_PHASE_STRIP = NO;
				DEBUG_INFORMATION_FORMAT = dwarf;
				ENABLE_STRICT_OBJC_MSGSEND = YES;
				ENABLE_TESTABILITY = YES;
				GCC_C_LANGUAGE_STANDARD = gnu11;
				GCC_DYNAMIC_NO_PIC = NO;
				GCC_NO_COMMON_BLOCKS = YES;
				GCC_OPTIMIZATION_LEVEL = 0;
				GCC_PREPROCESSOR_DEFINITIONS = (
					"DEBUG=1",
					"$(inherited)",
				);
				GCC_WARN_64_TO_32_BIT_CONVERSION = YES;
				GCC_WARN_ABOUT_RETURN_TYPE = YES_ERROR;
				GCC_WARN_UNDECLARED_SELECTOR = YES;
				GCC_WARN_UNINITIALIZED_AUTOS = YES_AGGRESSIVE;
				GCC_WARN_UNUSED_FUNCTION = YES;
				GCC_WARN_UNUSED_VARIABLE = YES;
				IPHONEOS_DEPLOYMENT_TARGET = 12.1;
				MTL_ENABLE_DEBUG_INFO = INCLUDE_SOURCE;
				MTL_FAST_MATH = YES;
				ONLY_ACTIVE_ARCH = YES;
				SDKROOT = iphoneos;
				SWIFT_ACTIVE_COMPILATION_CONDITIONS = DEBUG;
				SWIFT_OPTIMIZATION_LEVEL = "-Onone";
			};
			name = Debug;
		};
		4E9003182200B16300CE985E /* Release */ = {
			isa = XCBuildConfiguration;
			buildSettings = {
				ALWAYS_SEARCH_USER_PATHS = NO;
				CLANG_ANALYZER_NONNULL = YES;
				CLANG_ANALYZER_NUMBER_OBJECT_CONVERSION = YES_AGGRESSIVE;
				CLANG_CXX_LANGUAGE_STANDARD = "gnu++14";
				CLANG_CXX_LIBRARY = "libc++";
				CLANG_ENABLE_MODULES = YES;
				CLANG_ENABLE_OBJC_ARC = YES;
				CLANG_ENABLE_OBJC_WEAK = YES;
				CLANG_WARN_BLOCK_CAPTURE_AUTORELEASING = YES;
				CLANG_WARN_BOOL_CONVERSION = YES;
				CLANG_WARN_COMMA = YES;
				CLANG_WARN_CONSTANT_CONVERSION = YES;
				CLANG_WARN_DEPRECATED_OBJC_IMPLEMENTATIONS = YES;
				CLANG_WARN_DIRECT_OBJC_ISA_USAGE = YES_ERROR;
				CLANG_WARN_DOCUMENTATION_COMMENTS = YES;
				CLANG_WARN_EMPTY_BODY = YES;
				CLANG_WARN_ENUM_CONVERSION = YES;
				CLANG_WARN_INFINITE_RECURSION = YES;
				CLANG_WARN_INT_CONVERSION = YES;
				CLANG_WARN_NON_LITERAL_NULL_CONVERSION = YES;
				CLANG_WARN_OBJC_IMPLICIT_RETAIN_SELF = YES;
				CLANG_WARN_OBJC_LITERAL_CONVERSION = YES;
				CLANG_WARN_OBJC_ROOT_CLASS = YES_ERROR;
				CLANG_WARN_RANGE_LOOP_ANALYSIS = YES;
				CLANG_WARN_STRICT_PROTOTYPES = YES;
				CLANG_WARN_SUSPICIOUS_MOVE = YES;
				CLANG_WARN_UNGUARDED_AVAILABILITY = YES_AGGRESSIVE;
				CLANG_WARN_UNREACHABLE_CODE = YES;
				CLANG_WARN__DUPLICATE_METHOD_MATCH = YES;
				CODE_SIGN_IDENTITY = "iPhone Developer";
				COPY_PHASE_STRIP = NO;
				DEBUG_INFORMATION_FORMAT = "dwarf-with-dsym";
				ENABLE_NS_ASSERTIONS = NO;
				ENABLE_STRICT_OBJC_MSGSEND = YES;
				GCC_C_LANGUAGE_STANDARD = gnu11;
				GCC_NO_COMMON_BLOCKS = YES;
				GCC_WARN_64_TO_32_BIT_CONVERSION = YES;
				GCC_WARN_ABOUT_RETURN_TYPE = YES_ERROR;
				GCC_WARN_UNDECLARED_SELECTOR = YES;
				GCC_WARN_UNINITIALIZED_AUTOS = YES_AGGRESSIVE;
				GCC_WARN_UNUSED_FUNCTION = YES;
				GCC_WARN_UNUSED_VARIABLE = YES;
				IPHONEOS_DEPLOYMENT_TARGET = 12.1;
				MTL_ENABLE_DEBUG_INFO = NO;
				MTL_FAST_MATH = YES;
				SDKROOT = iphoneos;
				SWIFT_COMPILATION_MODE = wholemodule;
				SWIFT_OPTIMIZATION_LEVEL = "-O";
				VALIDATE_PRODUCT = YES;
			};
			name = Release;
		};
		4E90031A2200B16300CE985E /* Debug */ = {
			isa = XCBuildConfiguration;
			buildSettings = {
				ASSETCATALOG_COMPILER_APPICON_NAME = AppIcon;
				CODE_SIGN_STYLE = Automatic;
				DEVELOPMENT_TEAM = MJM7Y689K9;
				INFOPLIST_FILE = RemindMeList/Info.plist;
				LD_RUNPATH_SEARCH_PATHS = (
					"$(inherited)",
					"@executable_path/Frameworks",
				);
				PRODUCT_BUNDLE_IDENTIFIER = COM.BENGEECHUAH.RemindMeList;
				PRODUCT_NAME = "$(TARGET_NAME)";
				SWIFT_VERSION = 4.2;
				TARGETED_DEVICE_FAMILY = "1,2";
			};
			name = Debug;
		};
		4E90031B2200B16300CE985E /* Release */ = {
			isa = XCBuildConfiguration;
			buildSettings = {
				ASSETCATALOG_COMPILER_APPICON_NAME = AppIcon;
				CODE_SIGN_STYLE = Automatic;
				DEVELOPMENT_TEAM = MJM7Y689K9;
				INFOPLIST_FILE = RemindMeList/Info.plist;
				LD_RUNPATH_SEARCH_PATHS = (
					"$(inherited)",
					"@executable_path/Frameworks",
				);
				PRODUCT_BUNDLE_IDENTIFIER = COM.BENGEECHUAH.RemindMeList;
				PRODUCT_NAME = "$(TARGET_NAME)";
				SWIFT_VERSION = 4.2;
				TARGETED_DEVICE_FAMILY = "1,2";
			};
			name = Release;
		};
/* End XCBuildConfiguration section */

/* Begin XCConfigurationList section */
		4E9003022200B15E00CE985E /* Build configuration list for PBXProject "RemindMeList" */ = {
			isa = XCConfigurationList;
			buildConfigurations = (
				4E9003172200B16300CE985E /* Debug */,
				4E9003182200B16300CE985E /* Release */,
			);
			defaultConfigurationIsVisible = 0;
			defaultConfigurationName = Release;
		};
		4E9003192200B16300CE985E /* Build configuration list for PBXNativeTarget "RemindMeList" */ = {
			isa = XCConfigurationList;
			buildConfigurations = (
				4E90031A2200B16300CE985E /* Debug */,
				4E90031B2200B16300CE985E /* Release */,
			);
			defaultConfigurationIsVisible = 0;
			defaultConfigurationName = Release;
		};
/* End XCConfigurationList section */

/* Begin XCVersionGroup section */
		4E9003472212C78700CE985E /* DataModel.xcdatamodeld */ = {
			isa = XCVersionGroup;
			children = (
				4E9003482212C78700CE985E /* DataModel.xcdatamodel */,
			);
			currentVersion = 4E9003482212C78700CE985E /* DataModel.xcdatamodel */;
			path = DataModel.xcdatamodeld;
			sourceTree = "<group>";
			versionGroupType = wrapper.xcdatamodel;
		};
/* End XCVersionGroup section */
	};
	rootObject = 4E9002FF2200B15E00CE985E /* Project object */;
}
